
Microsoft Visual Studio Solution File, Format Version 12.00
# Visual Studio Version 16
VisualStudioVersion = 16.0.29409.12
MinimumVisualStudioVersion = 10.0.40219.1
Project("{FAE04EC0-301F-11D3-BF4B-00C04F79EFBC}") = "gp.Android", "gp\gp.Android\gp.Android.csproj", "{787CAF1F-34A0-4D92-BC8C-DD05A964D3AD}"
EndProject
Project("{FAE04EC0-301F-11D3-BF4B-00C04F79EFBC}") = "gp.iOS", "gp\gp.iOS\gp.iOS.csproj", "{9F0AFDEA-1A6B-4E1A-8C82-258660F2EC17}"
EndProject
Project("{FAE04EC0-301F-11D3-BF4B-00C04F79EFBC}") = "gp", "gp\gp\gp.csproj", "{810E1F85-E032-4DC0-BEE2-FEE20A4D7846}"
EndProject
Global
	GlobalSection(SolutionConfigurationPlatforms) = preSolution
		Debug|Any CPU = Debug|Any CPU
		Debug|iPhone = Debug|iPhone
		Debug|iPhoneSimulator = Debug|iPhoneSimulator
		Release|Any CPU = Release|Any CPU
		Release|iPhone = Release|iPhone
		Release|iPhoneSimulator = Release|iPhoneSimulator
	EndGlobalSection
	GlobalSection(ProjectConfigurationPlatforms) = postSolution
		{787CAF1F-34A0-4D92-BC8C-DD05A964D3AD}.Debug|Any CPU.ActiveCfg = Debug|Any CPU
		{787CAF1F-34A0-4D92-BC8C-DD05A964D3AD}.Debug|Any CPU.Build.0 = Debug|Any CPU
		{787CAF1F-34A0-4D92-BC8C-DD05A964D3AD}.Debug|Any CPU.Deploy.0 = Debug|Any CPU
		{787CAF1F-34A0-4D92-BC8C-DD05A964D3AD}.Debug|iPhone.ActiveCfg = Debug|Any CPU
		{787CAF1F-34A0-4D92-BC8C-DD05A964D3AD}.Debug|iPhone.Build.0 = Debug|Any CPU
		{787CAF1F-34A0-4D92-BC8C-DD05A964D3AD}.Debug|iPhone.Deploy.0 = Debug|Any CPU
		{787CAF1F-34A0-4D92-BC8C-DD05A964D3AD}.Debug|iPhoneSimulator.ActiveCfg = Debug|Any CPU
		{787CAF1F-34A0-4D92-BC8C-DD05A964D3AD}.Debug|iPhoneSimulator.Build.0 = Debug|Any CPU
		{787CAF1F-34A0-4D92-BC8C-DD05A964D3AD}.Debug|iPhoneSimulator.Deploy.0 = Debug|Any CPU
		{787CAF1F-34A0-4D92-BC8C-DD05A964D3AD}.Release|Any CPU.ActiveCfg = Release|Any CPU
		{787CAF1F-34A0-4D92-BC8C-DD05A964D3AD}.Release|Any CPU.Build.0 = Release|Any CPU
		{787CAF1F-34A0-4D92-BC8C-DD05A964D3AD}.Release|Any CPU.Deploy.0 = Release|Any CPU
		{787CAF1F-34A0-4D92-BC8C-DD05A964D3AD}.Release|iPhone.ActiveCfg = Release|Any CPU
		{787CAF1F-34A0-4D92-BC8C-DD05A964D3AD}.Release|iPhone.Build.0 = Release|Any CPU
		{787CAF1F-34A0-4D92-BC8C-DD05A964D3AD}.Release|iPhone.Deploy.0 = Release|Any CPU
		{787CAF1F-34A0-4D92-BC8C-DD05A964D3AD}.Release|iPhoneSimulator.ActiveCfg = Release|Any CPU
		{787CAF1F-34A0-4D92-BC8C-DD05A964D3AD}.Release|iPhoneSimulator.Build.0 = Release|Any CPU
		{787CAF1F-34A0-4D92-BC8C-DD05A964D3AD}.Release|iPhoneSimulator.Deploy.0 = Release|Any CPU
		{9F0AFDEA-1A6B-4E1A-8C82-258660F2EC17}.Debug|Any CPU.ActiveCfg = Debug|iPhoneSimulator
		{9F0AFDEA-1A6B-4E1A-8C82-258660F2EC17}.Debug|Any CPU.Build.0 = Debug|iPhoneSimulator
		{9F0AFDEA-1A6B-4E1A-8C82-258660F2EC17}.Debug|Any CPU.Deploy.0 = Debug|iPhoneSimulator
		{9F0AFDEA-1A6B-4E1A-8C82-258660F2EC17}.Debug|iPhone.ActiveCfg = Debug|iPhone
		{9F0AFDEA-1A6B-4E1A-8C82-258660F2EC17}.Debug|iPhone.Build.0 = Debug|iPhone
		{9F0AFDEA-1A6B-4E1A-8C82-258660F2EC17}.Debug|iPhone.Deploy.0 = Debug|iPhone
		{9F0AFDEA-1A6B-4E1A-8C82-258660F2EC17}.Debug|iPhoneSimulator.ActiveCfg = Debug|iPhoneSimulator
		{9F0AFDEA-1A6B-4E1A-8C82-258660F2EC17}.Debug|iPhoneSimulator.Build.0 = Debug|iPhoneSimulator
		{9F0AFDEA-1A6B-4E1A-8C82-258660F2EC17}.Debug|iPhoneSimulator.Deploy.0 = Debug|iPhoneSimulator
		{9F0AFDEA-1A6B-4E1A-8C82-258660F2EC17}.Release|Any CPU.ActiveCfg = Release|iPhone
		{9F0AFDEA-1A6B-4E1A-8C82-258660F2EC17}.Release|Any CPU.Build.0 = Release|iPhone
		{9F0AFDEA-1A6B-4E1A-8C82-258660F2EC17}.Release|Any CPU.Deploy.0 = Release|iPhone
		{9F0AFDEA-1A6B-4E1A-8C82-258660F2EC17}.Release|iPhone.ActiveCfg = Release|iPhone
		{9F0AFDEA-1A6B-4E1A-8C82-258660F2EC17}.Release|iPhone.Build.0 = Release|iPhone
		{9F0AFDEA-1A6B-4E1A-8C82-258660F2EC17}.Release|iPhone.Deploy.0 = Release|iPhone
		{9F0AFDEA-1A6B-4E1A-8C82-258660F2EC17}.Release|iPhoneSimulator.ActiveCfg = Release|iPhoneSimulator
		{9F0AFDEA-1A6B-4E1A-8C82-258660F2EC17}.Release|iPhoneSimulator.Build.0 = Release|iPhoneSimulator
		{9F0AFDEA-1A6B-4E1A-8C82-258660F2EC17}.Release|iPhoneSimulator.Deploy.0 = Release|iPhoneSimulator
		{810E1F85-E032-4DC0-BEE2-FEE20A4D7846}.Debug|Any CPU.ActiveCfg = Debug|Any CPU
		{810E1F85-E032-4DC0-BEE2-FEE20A4D7846}.Debug|Any CPU.Build.0 = Debug|Any CPU
		{810E1F85-E032-4DC0-BEE2-FEE20A4D7846}.Debug|Any CPU.Deploy.0 = Debug|Any CPU
		{810E1F85-E032-4DC0-BEE2-FEE20A4D7846}.Debug|iPhone.ActiveCfg = Debug|Any CPU
		{810E1F85-E032-4DC0-BEE2-FEE20A4D7846}.Debug|iPhone.Build.0 = Debug|Any CPU
		{810E1F85-E032-4DC0-BEE2-FEE20A4D7846}.Debug|iPhone.Deploy.0 = Debug|Any CPU
		{810E1F85-E032-4DC0-BEE2-FEE20A4D7846}.Debug|iPhoneSimulator.ActiveCfg = Debug|Any CPU
		{810E1F85-E032-4DC0-BEE2-FEE20A4D7846}.Debug|iPhoneSimulator.Build.0 = Debug|Any CPU
		{810E1F85-E032-4DC0-BEE2-FEE20A4D7846}.Debug|iPhoneSimulator.Deploy.0 = Debug|Any CPU
		{810E1F85-E032-4DC0-BEE2-FEE20A4D7846}.Release|Any CPU.ActiveCfg = Release|Any CPU
		{810E1F85-E032-4DC0-BEE2-FEE20A4D7846}.Release|Any CPU.Build.0 = Release|Any CPU
		{810E1F85-E032-4DC0-BEE2-FEE20A4D7846}.Release|Any CPU.Deploy.0 = Release|Any CPU
		{810E1F85-E032-4DC0-BEE2-FEE20A4D7846}.Release|iPhone.ActiveCfg = Release|Any CPU
		{810E1F85-E032-4DC0-BEE2-FEE20A4D7846}.Release|iPhone.Build.0 = Release|Any CPU
		{810E1F85-E032-4DC0-BEE2-FEE20A4D7846}.Release|iPhone.Deploy.0 = Release|Any CPU
		{810E1F85-E032-4DC0-BEE2-FEE20A4D7846}.Release|iPhoneSimulator.ActiveCfg = Release|Any CPU
		{810E1F85-E032-4DC0-BEE2-FEE20A4D7846}.Release|iPhoneSimulator.Build.0 = Release|Any CPU
		{810E1F85-E032-4DC0-BEE2-FEE20A4D7846}.Release|iPhoneSimulator.Deploy.0 = Release|Any CPU
	EndGlobalSection
	GlobalSection(SolutionProperties) = preSolution
		HideSolutionNode = FALSE
	EndGlobalSection
	GlobalSection(ExtensibilityGlobals) = postSolution
		SolutionGuid = {8C4819C4-084F-4735-A327-4A56D5BF5F7D}
	EndGlobalSection
EndGlobal
